
Microsoft Visual Studio Solution File, Format Version 12.00
# Visual Studio Version 17
VisualStudioVersion = 17.8.34004.107
MinimumVisualStudioVersion = 10.0.40219.1
Project("{FAE04EC0-301F-11D3-BF4B-00C04F79EFBC}") = "sisyema_alumno", "sisyema_alumno.csproj", "{EEB48D01-6BA8-4815-BAD6-AF849A270862}"
EndProject
Global
	GlobalSection(SolutionConfigurationPlatforms) = preSolution
		Debug|Any CPU = Debug|Any CPU
		Release|Any CPU = Release|Any CPU
	EndGlobalSection
	GlobalSection(ProjectConfigurationPlatforms) = postSolution
		{EEB48D01-6BA8-4815-BAD6-AF849A270862}.Debug|Any CPU.ActiveCfg = Debug|Any CPU
		{EEB48D01-6BA8-4815-BAD6-AF849A270862}.Debug|Any CPU.Build.0 = Debug|Any CPU
		{EEB48D01-6BA8-4815-BAD6-AF849A270862}.Release|Any CPU.ActiveCfg = Release|Any CPU
		{EEB48D01-6BA8-4815-BAD6-AF849A270862}.Release|Any CPU.Build.0 = Release|Any CPU
	EndGlobalSection
	GlobalSection(SolutionProperties) = preSolution
		HideSolutionNode = FALSE
	EndGlobalSection
	GlobalSection(ExtensibilityGlobals) = postSolution
		SolutionGuid = {BBEED0C6-8981-4AA9-B6A2-AC679DFFFD07}
	EndGlobalSection
EndGlobal
