
Microsoft Visual Studio Solution File, Format Version 12.00
# Visual Studio Version 17
VisualStudioVersion = 17.7.34024.191
MinimumVisualStudioVersion = 10.0.40219.1
Project("{FAE04EC0-301F-11D3-BF4B-00C04F79EFBC}") = "sistema_alumnos", "sistema_alumnos.csproj", "{98AB2396-DFE8-43F0-B178-61F183180710}"
EndProject
Global
	GlobalSection(SolutionConfigurationPlatforms) = preSolution
		Debug|Any CPU = Debug|Any CPU
		Release|Any CPU = Release|Any CPU
	EndGlobalSection
	GlobalSection(ProjectConfigurationPlatforms) = postSolution
		{98AB2396-DFE8-43F0-B178-61F183180710}.Debug|Any CPU.ActiveCfg = Debug|Any CPU
		{98AB2396-DFE8-43F0-B178-61F183180710}.Debug|Any CPU.Build.0 = Debug|Any CPU
		{98AB2396-DFE8-43F0-B178-61F183180710}.Release|Any CPU.ActiveCfg = Release|Any CPU
		{98AB2396-DFE8-43F0-B178-61F183180710}.Release|Any CPU.Build.0 = Release|Any CPU
	EndGlobalSection
	GlobalSection(SolutionProperties) = preSolution
		HideSolutionNode = FALSE
	EndGlobalSection
	GlobalSection(ExtensibilityGlobals) = postSolution
		SolutionGuid = {29498D8B-2489-451B-865E-230FC1670F63}
	EndGlobalSection
EndGlobal
